// !$*UTF8*$!
{
	archiveVersion = 1;
	classes = {
	};
	objectVersion = 48;
	objects = {

/* Begin PBXBuildFile section */
		1161A09B204DA52400E31F00 /* RxHelper+Chapter7.swift in Sources */ = {isa = PBXBuildFile; fileRef = 1161A09A204DA52400E31F00 /* RxHelper+Chapter7.swift */; };
		118CAA8520BE95BE00F6321F /* RxHelper+Chapter9.swift in Sources */ = {isa = PBXBuildFile; fileRef = 118CAA8420BE95BE00F6321F /* RxHelper+Chapter9.swift */; };
		11B9246920C2C9C20078029E /* Chapter12ViewController.swift in Sources */ = {isa = PBXBuildFile; fileRef = 11B9246720C2C9C20078029E /* Chapter12ViewController.swift */; };
		11B9246A20C2C9C20078029E /* Chapter12ViewController.xib in Resources */ = {isa = PBXBuildFile; fileRef = 11B9246820C2C9C20078029E /* Chapter12ViewController.xib */; };
		11B9246C20C2C9CF0078029E /* RxHelper+Chapter12.swift in Sources */ = {isa = PBXBuildFile; fileRef = 11B9246B20C2C9CF0078029E /* RxHelper+Chapter12.swift */; };
		11B9246F20C2CD670078029E /* Chapter12View.swift in Sources */ = {isa = PBXBuildFile; fileRef = 11B9246E20C2CD670078029E /* Chapter12View.swift */; };
		11D40EAE2040475700345013 /* AppDelegate.swift in Sources */ = {isa = PBXBuildFile; fileRef = 11D40EAD2040475700345013 /* AppDelegate.swift */; };
		11D40EB52040475700345013 /* Assets.xcassets in Resources */ = {isa = PBXBuildFile; fileRef = 11D40EB42040475700345013 /* Assets.xcassets */; };
		11D40EB82040475700345013 /* LaunchScreen.storyboard in Resources */ = {isa = PBXBuildFile; fileRef = 11D40EB62040475700345013 /* LaunchScreen.storyboard */; };
		11D40EC62040627B00345013 /* RxHelper+Chapter3.swift in Sources */ = {isa = PBXBuildFile; fileRef = 11D40EC02040627B00345013 /* RxHelper+Chapter3.swift */; };
		11D40EC72040627B00345013 /* RxHelper+Utils.swift in Sources */ = {isa = PBXBuildFile; fileRef = 11D40EC12040627B00345013 /* RxHelper+Utils.swift */; };
		11D40EC82040627B00345013 /* RxHelper+Chapter5.swift in Sources */ = {isa = PBXBuildFile; fileRef = 11D40EC22040627B00345013 /* RxHelper+Chapter5.swift */; };
		11D40EC92040627B00345013 /* RxHelper+Chapter2.swift in Sources */ = {isa = PBXBuildFile; fileRef = 11D40EC32040627B00345013 /* RxHelper+Chapter2.swift */; };
		11D40ECA2040627B00345013 /* RxHelper.swift in Sources */ = {isa = PBXBuildFile; fileRef = 11D40EC42040627B00345013 /* RxHelper.swift */; };
		11D40ECB2040627B00345013 /* RxHelper+Erros.swift in Sources */ = {isa = PBXBuildFile; fileRef = 11D40EC52040627B00345013 /* RxHelper+Erros.swift */; };
		11D40ECF2041AEE700345013 /* RxHelper+Chapter6.swift in Sources */ = {isa = PBXBuildFile; fileRef = 11D40ECE2041AEE700345013 /* RxHelper+Chapter6.swift */; };
		11D8FFB92059988E00C52550 /* RxHelper+Misc.swift in Sources */ = {isa = PBXBuildFile; fileRef = 11D8FFB82059988E00C52550 /* RxHelper+Misc.swift */; };
		11F54B03204EF8C400F72F31 /* RxHelper+Chapter11.swift in Sources */ = {isa = PBXBuildFile; fileRef = 11F54B02204EF8C400F72F31 /* RxHelper+Chapter11.swift */; };
		961D50498B1D40F4A040F984 /* Pods_RxSwiftExamples.framework in Frameworks */ = {isa = PBXBuildFile; fileRef = D69DD4A9898F0CA2F495DC9F /* Pods_RxSwiftExamples.framework */; };
/* End PBXBuildFile section */

/* Begin PBXFileReference section */
		07697B4A8143513F8DFBE375 /* Pods-RxSwiftExamples.debug.xcconfig */ = {isa = PBXFileReference; includeInIndex = 1; lastKnownFileType = text.xcconfig; name = "Pods-RxSwiftExamples.debug.xcconfig"; path = "Pods/Target Support Files/Pods-RxSwiftExamples/Pods-RxSwiftExamples.debug.xcconfig"; sourceTree = "<group>"; };
		1161A09A204DA52400E31F00 /* RxHelper+Chapter7.swift */ = {isa = PBXFileReference; fileEncoding = 4; lastKnownFileType = sourcecode.swift; path = "RxHelper+Chapter7.swift"; sourceTree = "<group>"; };
		118CAA8420BE95BE00F6321F /* RxHelper+Chapter9.swift */ = {isa = PBXFileReference; fileEncoding = 4; lastKnownFileType = sourcecode.swift; path = "RxHelper+Chapter9.swift"; sourceTree = "<group>"; };
		11B9246720C2C9C20078029E /* Chapter12ViewController.swift */ = {isa = PBXFileReference; lastKnownFileType = sourcecode.swift; path = Chapter12ViewController.swift; sourceTree = "<group>"; };
		11B9246820C2C9C20078029E /* Chapter12ViewController.xib */ = {isa = PBXFileReference; lastKnownFileType = file.xib; path = Chapter12ViewController.xib; sourceTree = "<group>"; };
		11B9246B20C2C9CF0078029E /* RxHelper+Chapter12.swift */ = {isa = PBXFileReference; lastKnownFileType = sourcecode.swift; path = "RxHelper+Chapter12.swift"; sourceTree = "<group>"; };
		11B9246E20C2CD670078029E /* Chapter12View.swift */ = {isa = PBXFileReference; lastKnownFileType = sourcecode.swift; path = Chapter12View.swift; sourceTree = "<group>"; };
		11D40EAA2040475700345013 /* RxSwiftExamples.app */ = {isa = PBXFileReference; explicitFileType = wrapper.application; includeInIndex = 0; path = RxSwiftExamples.app; sourceTree = BUILT_PRODUCTS_DIR; };
		11D40EAD2040475700345013 /* AppDelegate.swift */ = {isa = PBXFileReference; lastKnownFileType = sourcecode.swift; path = AppDelegate.swift; sourceTree = "<group>"; };
		11D40EB42040475700345013 /* Assets.xcassets */ = {isa = PBXFileReference; lastKnownFileType = folder.assetcatalog; path = Assets.xcassets; sourceTree = "<group>"; };
		11D40EB72040475700345013 /* Base */ = {isa = PBXFileReference; lastKnownFileType = file.storyboard; name = Base; path = Base.lproj/LaunchScreen.storyboard; sourceTree = "<group>"; };
		11D40EB92040475700345013 /* Info.plist */ = {isa = PBXFileReference; lastKnownFileType = text.plist.xml; path = Info.plist; sourceTree = "<group>"; };
		11D40EC02040627B00345013 /* RxHelper+Chapter3.swift */ = {isa = PBXFileReference; fileEncoding = 4; lastKnownFileType = sourcecode.swift; path = "RxHelper+Chapter3.swift"; sourceTree = "<group>"; };
		11D40EC12040627B00345013 /* RxHelper+Utils.swift */ = {isa = PBXFileReference; fileEncoding = 4; lastKnownFileType = sourcecode.swift; path = "RxHelper+Utils.swift"; sourceTree = "<group>"; };
		11D40EC22040627B00345013 /* RxHelper+Chapter5.swift */ = {isa = PBXFileReference; fileEncoding = 4; lastKnownFileType = sourcecode.swift; path = "RxHelper+Chapter5.swift"; sourceTree = "<group>"; };
		11D40EC32040627B00345013 /* RxHelper+Chapter2.swift */ = {isa = PBXFileReference; fileEncoding = 4; lastKnownFileType = sourcecode.swift; path = "RxHelper+Chapter2.swift"; sourceTree = "<group>"; };
		11D40EC42040627B00345013 /* RxHelper.swift */ = {isa = PBXFileReference; fileEncoding = 4; lastKnownFileType = sourcecode.swift; path = RxHelper.swift; sourceTree = "<group>"; };
		11D40EC52040627B00345013 /* RxHelper+Erros.swift */ = {isa = PBXFileReference; fileEncoding = 4; lastKnownFileType = sourcecode.swift; path = "RxHelper+Erros.swift"; sourceTree = "<group>"; };
		11D40ECC204063B500345013 /* README.md */ = {isa = PBXFileReference; fileEncoding = 4; lastKnownFileType = net.daringfireball.markdown; path = README.md; sourceTree = "<group>"; };
		11D40ECE2041AEE700345013 /* RxHelper+Chapter6.swift */ = {isa = PBXFileReference; fileEncoding = 4; lastKnownFileType = sourcecode.swift; path = "RxHelper+Chapter6.swift"; sourceTree = "<group>"; };
		11D8FFB82059988E00C52550 /* RxHelper+Misc.swift */ = {isa = PBXFileReference; fileEncoding = 4; lastKnownFileType = sourcecode.swift; path = "RxHelper+Misc.swift"; sourceTree = "<group>"; };
		11F54B02204EF8C400F72F31 /* RxHelper+Chapter11.swift */ = {isa = PBXFileReference; fileEncoding = 4; lastKnownFileType = sourcecode.swift; path = "RxHelper+Chapter11.swift"; sourceTree = "<group>"; };
		8CB70A27AD8B26F37B963E05 /* Pods-RxSwiftExamples.release.xcconfig */ = {isa = PBXFileReference; includeInIndex = 1; lastKnownFileType = text.xcconfig; name = "Pods-RxSwiftExamples.release.xcconfig"; path = "Pods/Target Support Files/Pods-RxSwiftExamples/Pods-RxSwiftExamples.release.xcconfig"; sourceTree = "<group>"; };
		D69DD4A9898F0CA2F495DC9F /* Pods_RxSwiftExamples.framework */ = {isa = PBXFileReference; explicitFileType = wrapper.framework; includeInIndex = 0; path = Pods_RxSwiftExamples.framework; sourceTree = BUILT_PRODUCTS_DIR; };
/* End PBXFileReference section */

/* Begin PBXFrameworksBuildPhase section */
		11D40EA72040475700345013 /* Frameworks */ = {
			isa = PBXFrameworksBuildPhase;
			buildActionMask = 2147483647;
			files = (
				961D50498B1D40F4A040F984 /* Pods_RxSwiftExamples.framework in Frameworks */,
			);
			runOnlyForDeploymentPostprocessing = 0;
		};
/* End PBXFrameworksBuildPhase section */

/* Begin PBXGroup section */
		0F222764FBD7FD1A5575FFB9 /* Frameworks */ = {
			isa = PBXGroup;
			children = (
				D69DD4A9898F0CA2F495DC9F /* Pods_RxSwiftExamples.framework */,
			);
			name = Frameworks;
			sourceTree = "<group>";
		};
		11B9246620C2C98A0078029E /* Chapter12 */ = {
			isa = PBXGroup;
			children = (
				11B9246D20C2C9DB0078029E /* ViewController */,
				11B9246B20C2C9CF0078029E /* RxHelper+Chapter12.swift */,
			);
			path = Chapter12;
			sourceTree = "<group>";
		};
		11B9246D20C2C9DB0078029E /* ViewController */ = {
			isa = PBXGroup;
			children = (
				11B9247020C2CD7B0078029E /* View */,
				11B9246720C2C9C20078029E /* Chapter12ViewController.swift */,
				11B9246820C2C9C20078029E /* Chapter12ViewController.xib */,
			);
			path = ViewController;
			sourceTree = "<group>";
		};
		11B9247020C2CD7B0078029E /* View */ = {
			isa = PBXGroup;
			children = (
				11B9246E20C2CD670078029E /* Chapter12View.swift */,
			);
			path = View;
			sourceTree = "<group>";
		};
		11D40EA12040475700345013 = {
			isa = PBXGroup;
			children = (
				11D40ECC204063B500345013 /* README.md */,
				11D40EAC2040475700345013 /* RxSwiftExamples */,
				11D40EAB2040475700345013 /* Products */,
				AFB1C7E3D0AFA8C26966F710 /* Pods */,
				0F222764FBD7FD1A5575FFB9 /* Frameworks */,
			);
			sourceTree = "<group>";
		};
		11D40EAB2040475700345013 /* Products */ = {
			isa = PBXGroup;
			children = (
				11D40EAA2040475700345013 /* RxSwiftExamples.app */,
			);
			name = Products;
			sourceTree = "<group>";
		};
		11D40EAC2040475700345013 /* RxSwiftExamples */ = {
			isa = PBXGroup;
			children = (
				11D40EBF2040627B00345013 /* RxHelper */,
				11D40EAD2040475700345013 /* AppDelegate.swift */,
				11D40EB42040475700345013 /* Assets.xcassets */,
				11D40EB62040475700345013 /* LaunchScreen.storyboard */,
				11D40EB92040475700345013 /* Info.plist */,
			);
			path = RxSwiftExamples;
			sourceTree = "<group>";
		};
		11D40EBF2040627B00345013 /* RxHelper */ = {
			isa = PBXGroup;
			children = (
				11D40EC42040627B00345013 /* RxHelper.swift */,
				11D40EC52040627B00345013 /* RxHelper+Erros.swift */,
				11D40EC12040627B00345013 /* RxHelper+Utils.swift */,
				11D40EC32040627B00345013 /* RxHelper+Chapter2.swift */,
				11D40EC02040627B00345013 /* RxHelper+Chapter3.swift */,
				11D40EC22040627B00345013 /* RxHelper+Chapter5.swift */,
				11D40ECE2041AEE700345013 /* RxHelper+Chapter6.swift */,
				1161A09A204DA52400E31F00 /* RxHelper+Chapter7.swift */,
				118CAA8420BE95BE00F6321F /* RxHelper+Chapter9.swift */,
				11F54B02204EF8C400F72F31 /* RxHelper+Chapter11.swift */,
				11B9246620C2C98A0078029E /* Chapter12 */,
				11D8FFB82059988E00C52550 /* RxHelper+Misc.swift */,
			);
			path = RxHelper;
			sourceTree = "<group>";
		};
		AFB1C7E3D0AFA8C26966F710 /* Pods */ = {
			isa = PBXGroup;
			children = (
				07697B4A8143513F8DFBE375 /* Pods-RxSwiftExamples.debug.xcconfig */,
				8CB70A27AD8B26F37B963E05 /* Pods-RxSwiftExamples.release.xcconfig */,
			);
			name = Pods;
			sourceTree = "<group>";
		};
/* End PBXGroup section */

/* Begin PBXNativeTarget section */
		11D40EA92040475700345013 /* RxSwiftExamples */ = {
			isa = PBXNativeTarget;
			buildConfigurationList = 11D40EBC2040475700345013 /* Build configuration list for PBXNativeTarget "RxSwiftExamples" */;
			buildPhases = (
				22CD0687437EF407D957458F /* [CP] Check Pods Manifest.lock */,
				11D40EA62040475700345013 /* Sources */,
				11D40EA72040475700345013 /* Frameworks */,
				11D40EA82040475700345013 /* Resources */,
				61D654410CEC8FC61FE1B1A6 /* [CP] Embed Pods Frameworks */,
			);
			buildRules = (
			);
			dependencies = (
			);
			name = RxSwiftExamples;
			productName = RxSwiftExamples;
			productReference = 11D40EAA2040475700345013 /* RxSwiftExamples.app */;
			productType = "com.apple.product-type.application";
		};
/* End PBXNativeTarget section */

/* Begin PBXProject section */
		11D40EA22040475700345013 /* Project object */ = {
			isa = PBXProject;
			attributes = {
				LastSwiftUpdateCheck = 0920;
				LastUpgradeCheck = 0940;
				ORGANIZATIONNAME = "";
				TargetAttributes = {
					11D40EA92040475700345013 = {
						CreatedOnToolsVersion = 9.2;
						ProvisioningStyle = Automatic;
					};
				};
			};
			buildConfigurationList = 11D40EA52040475700345013 /* Build configuration list for PBXProject "RxSwiftExamples" */;
			compatibilityVersion = "Xcode 8.0";
			developmentRegion = en;
			hasScannedForEncodings = 0;
			knownRegions = (
				en,
				Base,
			);
			mainGroup = 11D40EA12040475700345013;
			productRefGroup = 11D40EAB2040475700345013 /* Products */;
			projectDirPath = "";
			projectRoot = "";
			targets = (
				11D40EA92040475700345013 /* RxSwiftExamples */,
			);
		};
/* End PBXProject section */

/* Begin PBXResourcesBuildPhase section */
		11D40EA82040475700345013 /* Resources */ = {
			isa = PBXResourcesBuildPhase;
			buildActionMask = 2147483647;
			files = (
				11B9246A20C2C9C20078029E /* Chapter12ViewController.xib in Resources */,
				11D40EB82040475700345013 /* LaunchScreen.storyboard in Resources */,
				11D40EB52040475700345013 /* Assets.xcassets in Resources */,
			);
			runOnlyForDeploymentPostprocessing = 0;
		};
/* End PBXResourcesBuildPhase section */

/* Begin PBXShellScriptBuildPhase section */
		22CD0687437EF407D957458F /* [CP] Check Pods Manifest.lock */ = {
			isa = PBXShellScriptBuildPhase;
			buildActionMask = 2147483647;
			files = (
			);
			inputPaths = (
				"${PODS_PODFILE_DIR_PATH}/Podfile.lock",
				"${PODS_ROOT}/Manifest.lock",
			);
			name = "[CP] Check Pods Manifest.lock";
			outputPaths = (
				"$(DERIVED_FILE_DIR)/Pods-RxSwiftExamples-checkManifestLockResult.txt",
			);
			runOnlyForDeploymentPostprocessing = 0;
			shellPath = /bin/sh;
			shellScript = "diff \"${PODS_PODFILE_DIR_PATH}/Podfile.lock\" \"${PODS_ROOT}/Manifest.lock\" > /dev/null\nif [ $? != 0 ] ; then\n    # print error to STDERR\n    echo \"error: The sandbox is not in sync with the Podfile.lock. Run 'pod install' or update your CocoaPods installation.\" >&2\n    exit 1\nfi\n# This output is used by Xcode 'outputs' to avoid re-running this script phase.\necho \"SUCCESS\" > \"${SCRIPT_OUTPUT_FILE_0}\"\n";
			showEnvVarsInLog = 0;
		};
		61D654410CEC8FC61FE1B1A6 /* [CP] Embed Pods Frameworks */ = {
			isa = PBXShellScriptBuildPhase;
			buildActionMask = 2147483647;
			files = (
			);
			inputPaths = (
				"${SRCROOT}/Pods/Target Support Files/Pods-RxSwiftExamples/Pods-RxSwiftExamples-frameworks.sh",
				"${BUILT_PRODUCTS_DIR}/RxCocoa/RxCocoa.framework",
				"${BUILT_PRODUCTS_DIR}/RxSwift/RxSwift.framework",
			);
			name = "[CP] Embed Pods Frameworks";
			outputPaths = (
				"${TARGET_BUILD_DIR}/${FRAMEWORKS_FOLDER_PATH}/RxCocoa.framework",
				"${TARGET_BUILD_DIR}/${FRAMEWORKS_FOLDER_PATH}/RxSwift.framework",
			);
			runOnlyForDeploymentPostprocessing = 0;
			shellPath = /bin/sh;
			shellScript = "\"${SRCROOT}/Pods/Target Support Files/Pods-RxSwiftExamples/Pods-RxSwiftExamples-frameworks.sh\"\n";
			showEnvVarsInLog = 0;
		};
/* End PBXShellScriptBuildPhase section */

/* Begin PBXSourcesBuildPhase section */
		11D40EA62040475700345013 /* Sources */ = {
			isa = PBXSourcesBuildPhase;
			buildActionMask = 2147483647;
			files = (
				11F54B03204EF8C400F72F31 /* RxHelper+Chapter11.swift in Sources */,
				11D40EC92040627B00345013 /* RxHelper+Chapter2.swift in Sources */,
				11D8FFB92059988E00C52550 /* RxHelper+Misc.swift in Sources */,
				11D40ECB2040627B00345013 /* RxHelper+Erros.swift in Sources */,
				11D40EC82040627B00345013 /* RxHelper+Chapter5.swift in Sources */,
				11D40EC72040627B00345013 /* RxHelper+Utils.swift in Sources */,
				11D40ECF2041AEE700345013 /* RxHelper+Chapter6.swift in Sources */,
				118CAA8520BE95BE00F6321F /* RxHelper+Chapter9.swift in Sources */,
				11B9246C20C2C9CF0078029E /* RxHelper+Chapter12.swift in Sources */,
				1161A09B204DA52400E31F00 /* RxHelper+Chapter7.swift in Sources */,
				11B9246F20C2CD670078029E /* Chapter12View.swift in Sources */,
				11D40EC62040627B00345013 /* RxHelper+Chapter3.swift in Sources */,
				11B9246920C2C9C20078029E /* Chapter12ViewController.swift in Sources */,
				11D40EAE2040475700345013 /* AppDelegate.swift in Sources */,
				11D40ECA2040627B00345013 /* RxHelper.swift in Sources */,
			);
			runOnlyForDeploymentPostprocessing = 0;
		};
/* End PBXSourcesBuildPhase section */

/* Begin PBXVariantGroup section */
		11D40EB62040475700345013 /* LaunchScreen.storyboard */ = {
			isa = PBXVariantGroup;
			children = (
				11D40EB72040475700345013 /* Base */,
			);
			name = LaunchScreen.storyboard;
			sourceTree = "<group>";
		};
/* End PBXVariantGroup section */

/* Begin XCBuildConfiguration section */
		11D40EBA2040475700345013 /* Debug */ = {
			isa = XCBuildConfiguration;
			buildSettings = {
				ALWAYS_SEARCH_USER_PATHS = NO;
				CLANG_ANALYZER_NONNULL = YES;
				CLANG_ANALYZER_NUMBER_OBJECT_CONVERSION = YES_AGGRESSIVE;
				CLANG_CXX_LANGUAGE_STANDARD = "gnu++14";
				CLANG_CXX_LIBRARY = "libc++";
				CLANG_ENABLE_MODULES = YES;
				CLANG_ENABLE_OBJC_ARC = YES;
				CLANG_WARN_BLOCK_CAPTURE_AUTORELEASING = YES;
				CLANG_WARN_BOOL_CONVERSION = YES;
				CLANG_WARN_COMMA = YES;
				CLANG_WARN_CONSTANT_CONVERSION = YES;
				CLANG_WARN_DEPRECATED_OBJC_IMPLEMENTATIONS = YES;
				CLANG_WARN_DIRECT_OBJC_ISA_USAGE = YES_ERROR;
				CLANG_WARN_DOCUMENTATION_COMMENTS = YES;
				CLANG_WARN_EMPTY_BODY = YES;
				CLANG_WARN_ENUM_CONVERSION = YES;
				CLANG_WARN_INFINITE_RECURSION = YES;
				CLANG_WARN_INT_CONVERSION = YES;
				CLANG_WARN_NON_LITERAL_NULL_CONVERSION = YES;
				CLANG_WARN_OBJC_IMPLICIT_RETAIN_SELF = YES;
				CLANG_WARN_OBJC_LITERAL_CONVERSION = YES;
				CLANG_WARN_OBJC_ROOT_CLASS = YES_ERROR;
				CLANG_WARN_RANGE_LOOP_ANALYSIS = YES;
				CLANG_WARN_STRICT_PROTOTYPES = YES;
				CLANG_WARN_SUSPICIOUS_MOVE = YES;
				CLANG_WARN_UNGUARDED_AVAILABILITY = YES_AGGRESSIVE;
				CLANG_WARN_UNREACHABLE_CODE = YES;
				CLANG_WARN__DUPLICATE_METHOD_MATCH = YES;
				CODE_SIGN_IDENTITY = "iPhone Developer";
				COPY_PHASE_STRIP = NO;
				DEBUG_INFORMATION_FORMAT = dwarf;
				ENABLE_STRICT_OBJC_MSGSEND = YES;
				ENABLE_TESTABILITY = YES;
				GCC_C_LANGUAGE_STANDARD = gnu11;
				GCC_DYNAMIC_NO_PIC = NO;
				GCC_NO_COMMON_BLOCKS = YES;
				GCC_OPTIMIZATION_LEVEL = 0;
				GCC_PREPROCESSOR_DEFINITIONS = (
					"DEBUG=1",
					"$(inherited)",
				);
				GCC_WARN_64_TO_32_BIT_CONVERSION = YES;
				GCC_WARN_ABOUT_RETURN_TYPE = YES_ERROR;
				GCC_WARN_UNDECLARED_SELECTOR = YES;
				GCC_WARN_UNINITIALIZED_AUTOS = YES_AGGRESSIVE;
				GCC_WARN_UNUSED_FUNCTION = YES;
				GCC_WARN_UNUSED_VARIABLE = YES;
				IPHONEOS_DEPLOYMENT_TARGET = 11.2;
				MTL_ENABLE_DEBUG_INFO = YES;
				ONLY_ACTIVE_ARCH = YES;
				SDKROOT = iphoneos;
				SWIFT_ACTIVE_COMPILATION_CONDITIONS = DEBUG;
				SWIFT_OPTIMIZATION_LEVEL = "-Onone";
			};
			name = Debug;
		};
		11D40EBB2040475700345013 /* Release */ = {
			isa = XCBuildConfiguration;
			buildSettings = {
				ALWAYS_SEARCH_USER_PATHS = NO;
				CLANG_ANALYZER_NONNULL = YES;
				CLANG_ANALYZER_NUMBER_OBJECT_CONVERSION = YES_AGGRESSIVE;
				CLANG_CXX_LANGUAGE_STANDARD = "gnu++14";
				CLANG_CXX_LIBRARY = "libc++";
				CLANG_ENABLE_MODULES = YES;
				CLANG_ENABLE_OBJC_ARC = YES;
				CLANG_WARN_BLOCK_CAPTURE_AUTORELEASING = YES;
				CLANG_WARN_BOOL_CONVERSION = YES;
				CLANG_WARN_COMMA = YES;
				CLANG_WARN_CONSTANT_CONVERSION = YES;
				CLANG_WARN_DEPRECATED_OBJC_IMPLEMENTATIONS = YES;
				CLANG_WARN_DIRECT_OBJC_ISA_USAGE = YES_ERROR;
				CLANG_WARN_DOCUMENTATION_COMMENTS = YES;
				CLANG_WARN_EMPTY_BODY = YES;
				CLANG_WARN_ENUM_CONVERSION = YES;
				CLANG_WARN_INFINITE_RECURSION = YES;
				CLANG_WARN_INT_CONVERSION = YES;
				CLANG_WARN_NON_LITERAL_NULL_CONVERSION = YES;
				CLANG_WARN_OBJC_IMPLICIT_RETAIN_SELF = YES;
				CLANG_WARN_OBJC_LITERAL_CONVERSION = YES;
				CLANG_WARN_OBJC_ROOT_CLASS = YES_ERROR;
				CLANG_WARN_RANGE_LOOP_ANALYSIS = YES;
				CLANG_WARN_STRICT_PROTOTYPES = YES;
				CLANG_WARN_SUSPICIOUS_MOVE = YES;
				CLANG_WARN_UNGUARDED_AVAILABILITY = YES_AGGRESSIVE;
				CLANG_WARN_UNREACHABLE_CODE = YES;
				CLANG_WARN__DUPLICATE_METHOD_MATCH = YES;
				CODE_SIGN_IDENTITY = "iPhone Developer";
				COPY_PHASE_STRIP = NO;
				DEBUG_INFORMATION_FORMAT = "dwarf-with-dsym";
				ENABLE_NS_ASSERTIONS = NO;
				ENABLE_STRICT_OBJC_MSGSEND = YES;
				GCC_C_LANGUAGE_STANDARD = gnu11;
				GCC_NO_COMMON_BLOCKS = YES;
				GCC_WARN_64_TO_32_BIT_CONVERSION = YES;
				GCC_WARN_ABOUT_RETURN_TYPE = YES_ERROR;
				GCC_WARN_UNDECLARED_SELECTOR = YES;
				GCC_WARN_UNINITIALIZED_AUTOS = YES_AGGRESSIVE;
				GCC_WARN_UNUSED_FUNCTION = YES;
				GCC_WARN_UNUSED_VARIABLE = YES;
				IPHONEOS_DEPLOYMENT_TARGET = 11.2;
				MTL_ENABLE_DEBUG_INFO = NO;
				SDKROOT = iphoneos;
				SWIFT_OPTIMIZATION_LEVEL = "-Owholemodule";
				VALIDATE_PRODUCT = YES;
			};
			name = Release;
		};
		11D40EBD2040475700345013 /* Debug */ = {
			isa = XCBuildConfiguration;
			baseConfigurationReference = 07697B4A8143513F8DFBE375 /* Pods-RxSwiftExamples.debug.xcconfig */;
			buildSettings = {
				ASSETCATALOG_COMPILER_APPICON_NAME = AppIcon;
				CODE_SIGN_STYLE = Automatic;
				INFOPLIST_FILE = RxSwiftExamples/Info.plist;
				IPHONEOS_DEPLOYMENT_TARGET = 11.0;
				LD_RUNPATH_SEARCH_PATHS = "$(inherited) @executable_path/Frameworks";
				PRODUCT_BUNDLE_IDENTIFIER = Oleksandr.RxSwiftExamples;
				PRODUCT_NAME = "$(TARGET_NAME)";
				SWIFT_VERSION = 4.0;
				TARGETED_DEVICE_FAMILY = "1,2";
			};
			name = Debug;
		};
		11D40EBE2040475700345013 /* Release */ = {
			isa = XCBuildConfiguration;
			baseConfigurationReference = 8CB70A27AD8B26F37B963E05 /* Pods-RxSwiftExamples.release.xcconfig */;
			buildSettings = {
				ASSETCATALOG_COMPILER_APPICON_NAME = AppIcon;
				CODE_SIGN_STYLE = Automatic;
				INFOPLIST_FILE = RxSwiftExamples/Info.plist;
				IPHONEOS_DEPLOYMENT_TARGET = 11.0;
				LD_RUNPATH_SEARCH_PATHS = "$(inherited) @executable_path/Frameworks";
				PRODUCT_BUNDLE_IDENTIFIER = Oleksandr.RxSwiftExamples;
				PRODUCT_NAME = "$(TARGET_NAME)";
				SWIFT_VERSION = 4.0;
				TARGETED_DEVICE_FAMILY = "1,2";
			};
			name = Release;
		};
/* End XCBuildConfiguration section */

/* Begin XCConfigurationList section */
		11D40EA52040475700345013 /* Build configuration list for PBXProject "RxSwiftExamples" */ = {
			isa = XCConfigurationList;
			buildConfigurations = (
				11D40EBA2040475700345013 /* Debug */,
				11D40EBB2040475700345013 /* Release */,
			);
			defaultConfigurationIsVisible = 0;
			defaultConfigurationName = Release;
		};
		11D40EBC2040475700345013 /* Build configuration list for PBXNativeTarget "RxSwiftExamples" */ = {
			isa = XCConfigurationList;
			buildConfigurations = (
				11D40EBD2040475700345013 /* Debug */,
				11D40EBE2040475700345013 /* Release */,
			);
			defaultConfigurationIsVisible = 0;
			defaultConfigurationName = Release;
		};
/* End XCConfigurationList section */
	};
	rootObject = 11D40EA22040475700345013 /* Project object */;
}
